<?xml version="1.0" encoding="utf-8"?>
<Project ToolsVersion="4.0" xmlns="http://schemas.microsoft.com/developer/msbuild/2003">
  <ItemGroup>
    <Filter Include="Source Files">
      <UniqueIdentifier>{4FC737F1-C7A5-4376-A066-2A32D752A2FF}</UniqueIdentifier>
      <Extensions>cpp;c;cc;cxx;def;odl;idl;hpj;bat;asm;asmx</Extensions>
    </Filter>
    <Filter Include="Header Files">
      <UniqueIdentifier>{93995380-89BD-4b04-88EB-625FBE52EBFB}</UniqueIdentifier>
      <Extensions>h;hh;hpp;hxx;hm;inl;inc;xsd</Extensions>
    </Filter>
    <Filter Include="Resource Files">
      <UniqueIdentifier>{67DA6AB6-F800-4c08-8B7A-83BB121AAD01}</UniqueIdentifier>
      <Extensions>rc;ico;cur;bmp;dlg;rc2;rct;bin;rgs;gif;jpg;jpeg;jpe;resx;tiff;tif;png;wav;mfcribbon-ms</Extensions>
    </Filter>
  </ItemGroup>
  <ItemGroup>
    <Text Include="ReadMe.txt" />
  </ItemGroup>
  <ItemGroup>
    <ClCompile Include="main.cpp">
      <Filter>Source Files</Filter>
    </ClCompile>
    <ClCompile Include="libsrc\exec_result.cpp">
      <Filter>Source Files</Filter>
    </ClCompile>
    <ClCompile Include="libsrc\prepared_statement.cpp">
      <Filter>Source Files</Filter>
    </ClCompile>
    <ClCompile Include="libsrc\sqlite.cpp">
      <Filter>Source Files</Filter>
    </ClCompile>
    <ClCompile Include="libsrc\sqlite_exception.cpp">
      <Filter>Source Files</Filter>
    </ClCompile>
    <ClCompile Include="libsrc\StepStatementProcessing.cpp">
      <Filter>Source Files</Filter>
    </ClCompile>
  </ItemGroup>
  <ItemGroup>
    <ClInclude Include="targetver.hpp">
      <Filter>Header Files</Filter>
    </ClInclude>
    <ClInclude Include="libsrc\DataTypes.hpp">
      <Filter>Header Files</Filter>
    </ClInclude>
    <ClInclude Include="libsrc\exec_result.hpp">
      <Filter>Header Files</Filter>
    </ClInclude>
    <ClInclude Include="libsrc\prepared_statement.hpp">
      <Filter>Header Files</Filter>
    </ClInclude>
    <ClInclude Include="libsrc\sqlite.hpp">
      <Filter>Header Files</Filter>
    </ClInclude>
    <ClInclude Include="libsrc\sqlite_exception.hpp">
      <Filter>Header Files</Filter>
    </ClInclude>
    <ClInclude Include="libsrc\sqlite_object.hpp">
      <Filter>Header Files</Filter>
    </ClInclude>
    <ClInclude Include="libsrc\sqlitelib.hpp">
      <Filter>Header Files</Filter>
    </ClInclude>
    <ClInclude Include="libsrc\StepStatementProcessing.hpp">
      <Filter>Header Files</Filter>
    </ClInclude>
  </ItemGroup>
  <ItemGroup>
    <Library Include="sqlitelib\x64\sqlite3.lib" />
  </ItemGroup>
  <ItemGroup>
    <None Include="sqlitelib\x64\sqlite3.def">
      <Filter>Source Files</Filter>
    </None>
    <None Include="sqlitelib\x64\sqlite3.dll" />
    <None Include="sqlitelib\x64\sqlite3.exp" />
  </ItemGroup>
</Project>